
Microsoft Visual Studio Solution File, Format Version 12.00
# Visual Studio Version 17
VisualStudioVersion = 17.5.33516.290
MinimumVisualStudioVersion = 10.0.40219.1
Project("{FAE04EC0-301F-11D3-BF4B-00C04F79EFBC}") = "QuotaGeneratorServer", "QuotaGeneratorServer\QuotaGeneratorServer.csproj", "{B6769685-3429-495C-92FA-829EE4980D15}"
EndProject
Global
	GlobalSection(SolutionConfigurationPlatforms) = preSolution
		Debug|Any CPU = Debug|Any CPU
		Release|Any CPU = Release|Any CPU
	EndGlobalSection
	GlobalSection(ProjectConfigurationPlatforms) = postSolution
		{B6769685-3429-495C-92FA-829EE4980D15}.Debug|Any CPU.ActiveCfg = Debug|Any CPU
		{B6769685-3429-495C-92FA-829EE4980D15}.Debug|Any CPU.Build.0 = Debug|Any CPU
		{B6769685-3429-495C-92FA-829EE4980D15}.Release|Any CPU.ActiveCfg = Release|Any CPU
		{B6769685-3429-495C-92FA-829EE4980D15}.Release|Any CPU.Build.0 = Release|Any CPU
	EndGlobalSection
	GlobalSection(SolutionProperties) = preSolution
		HideSolutionNode = FALSE
	EndGlobalSection
	GlobalSection(ExtensibilityGlobals) = postSolution
		SolutionGuid = {72544232-3E1A-4CE1-ADCA-97D4ADE7D966}
	EndGlobalSection
EndGlobal
